
Microsoft Visual Studio Solution File, Format Version 12.00
# Visual Studio Version 17
VisualStudioVersion = 17.11.35327.3
MinimumVisualStudioVersion = 10.0.40219.1
Project("{9A19103F-16F7-4668-BE54-9A1E7A4F7556}") = "AspireApp.AppHost", "AspireApp\AspireApp.AppHost\AspireApp.AppHost.csproj", "{C6EE3028-EF3A-4457-9F92-166495880AB2}"
EndProject
Project("{9A19103F-16F7-4668-BE54-9A1E7A4F7556}") = "AspireApp.ServiceDefaults", "AspireApp\AspireApp.ServiceDefaults\AspireApp.ServiceDefaults.csproj", "{E72ADBFC-1552-4512-A08E-6B2A7D7FEB96}"
EndProject
Project("{9A19103F-16F7-4668-BE54-9A1E7A4F7556}") = "AspireApp.ApiService", "AspireApp\AspireApp.ApiService\AspireApp.ApiService.csproj", "{CA269AC0-B9D2-41C1-A903-FE67D6290687}"
EndProject
Project("{9A19103F-16F7-4668-BE54-9A1E7A4F7556}") = "AspireApp.Web", "AspireApp\AspireApp.Web\AspireApp.Web.csproj", "{2FEE1963-A8A1-418F-BD94-E2D2A39DB9B1}"
EndProject
Project("{9A19103F-16F7-4668-BE54-9A1E7A4F7556}") = "sk-aspire-mcp", "sk-aspire-mcp\sk-aspire-mcp.csproj", "{EFFFEC13-050B-439B-B2E5-9D758866E188}"
EndProject
Global
	GlobalSection(SolutionConfigurationPlatforms) = preSolution
		Debug|Any CPU = Debug|Any CPU
		Release|Any CPU = Release|Any CPU
	EndGlobalSection
	GlobalSection(ProjectConfigurationPlatforms) = postSolution
		{C6EE3028-EF3A-4457-9F92-166495880AB2}.Debug|Any CPU.ActiveCfg = Debug|Any CPU
		{C6EE3028-EF3A-4457-9F92-166495880AB2}.Debug|Any CPU.Build.0 = Debug|Any CPU
		{C6EE3028-EF3A-4457-9F92-166495880AB2}.Release|Any CPU.ActiveCfg = Release|Any CPU
		{C6EE3028-EF3A-4457-9F92-166495880AB2}.Release|Any CPU.Build.0 = Release|Any CPU
		{E72ADBFC-1552-4512-A08E-6B2A7D7FEB96}.Debug|Any CPU.ActiveCfg = Debug|Any CPU
		{E72ADBFC-1552-4512-A08E-6B2A7D7FEB96}.Debug|Any CPU.Build.0 = Debug|Any CPU
		{E72ADBFC-1552-4512-A08E-6B2A7D7FEB96}.Release|Any CPU.ActiveCfg = Release|Any CPU
		{E72ADBFC-1552-4512-A08E-6B2A7D7FEB96}.Release|Any CPU.Build.0 = Release|Any CPU
		{CA269AC0-B9D2-41C1-A903-FE67D6290687}.Debug|Any CPU.ActiveCfg = Debug|Any CPU
		{CA269AC0-B9D2-41C1-A903-FE67D6290687}.Debug|Any CPU.Build.0 = Debug|Any CPU
		{CA269AC0-B9D2-41C1-A903-FE67D6290687}.Release|Any CPU.ActiveCfg = Release|Any CPU
		{CA269AC0-B9D2-41C1-A903-FE67D6290687}.Release|Any CPU.Build.0 = Release|Any CPU
		{2FEE1963-A8A1-418F-BD94-E2D2A39DB9B1}.Debug|Any CPU.ActiveCfg = Debug|Any CPU
		{2FEE1963-A8A1-418F-BD94-E2D2A39DB9B1}.Debug|Any CPU.Build.0 = Debug|Any CPU
		{2FEE1963-A8A1-418F-BD94-E2D2A39DB9B1}.Release|Any CPU.ActiveCfg = Release|Any CPU
		{2FEE1963-A8A1-418F-BD94-E2D2A39DB9B1}.Release|Any CPU.Build.0 = Release|Any CPU
		{EFFFEC13-050B-439B-B2E5-9D758866E188}.Debug|Any CPU.ActiveCfg = Debug|Any CPU
		{EFFFEC13-050B-439B-B2E5-9D758866E188}.Debug|Any CPU.Build.0 = Debug|Any CPU
		{EFFFEC13-050B-439B-B2E5-9D758866E188}.Release|Any CPU.ActiveCfg = Release|Any CPU
		{EFFFEC13-050B-439B-B2E5-9D758866E188}.Release|Any CPU.Build.0 = Release|Any CPU
	EndGlobalSection
	GlobalSection(SolutionProperties) = preSolution
		HideSolutionNode = FALSE
	EndGlobalSection
	GlobalSection(ExtensibilityGlobals) = postSolution
		SolutionGuid = {38553DB2-BB79-46D6-AC88-0E8C3E81F321}
	EndGlobalSection
EndGlobal
